// !$*UTF8*$!
{
	archiveVersion = 1;
	classes = {
	};
	objectVersion = 46;
	objects = {

/* Begin PBXBuildFile section */
		F35B1A721A0772F900BC6B3B /* Foundation.framework in Frameworks */ = {isa = PBXBuildFile; fileRef = F35B1A711A0772F900BC6B3B /* Foundation.framework */; };
		F35B1A741A0772F900BC6B3B /* CoreGraphics.framework in Frameworks */ = {isa = PBXBuildFile; fileRef = F35B1A731A0772F900BC6B3B /* CoreGraphics.framework */; };
		F35B1A761A0772F900BC6B3B /* UIKit.framework in Frameworks */ = {isa = PBXBuildFile; fileRef = F35B1A751A0772F900BC6B3B /* UIKit.framework */; };
		F35B1A7C1A0772F900BC6B3B /* InfoPlist.strings in Resources */ = {isa = PBXBuildFile; fileRef = F35B1A7A1A0772F900BC6B3B /* InfoPlist.strings */; };
		F35B1A7E1A0772F900BC6B3B /* main.m in Sources */ = {isa = PBXBuildFile; fileRef = F35B1A7D1A0772F900BC6B3B /* main.m */; };
		F35B1A821A0772F900BC6B3B /* AppDelegate.m in Sources */ = {isa = PBXBuildFile; fileRef = F35B1A811A0772F900BC6B3B /* AppDelegate.m */; };
		F35B1A851A0772F900BC6B3B /* Main.storyboard in Resources */ = {isa = PBXBuildFile; fileRef = F35B1A831A0772F900BC6B3B /* Main.storyboard */; };
		F35B1A881A0772F900BC6B3B /* ViewController.m in Sources */ = {isa = PBXBuildFile; fileRef = F35B1A871A0772F900BC6B3B /* ViewController.m */; };
		F35B1A8A1A0772F900BC6B3B /* Images.xcassets in Resources */ = {isa = PBXBuildFile; fileRef = F35B1A891A0772F900BC6B3B /* Images.xcassets */; };
		F35B1A911A0772F900BC6B3B /* XCTest.framework in Frameworks */ = {isa = PBXBuildFile; fileRef = F35B1A901A0772F900BC6B3B /* XCTest.framework */; };
		F35B1A921A0772F900BC6B3B /* Foundation.framework in Frameworks */ = {isa = PBXBuildFile; fileRef = F35B1A711A0772F900BC6B3B /* Foundation.framework */; };
		F35B1A931A0772F900BC6B3B /* UIKit.framework in Frameworks */ = {isa = PBXBuildFile; fileRef = F35B1A751A0772F900BC6B3B /* UIKit.framework */; };
		F35B1A9B1A0772F900BC6B3B /* InfoPlist.strings in Resources */ = {isa = PBXBuildFile; fileRef = F35B1A991A0772F900BC6B3B /* InfoPlist.strings */; };
		F35B1A9D1A0772F900BC6B3B /* XMLOrJSONTests.m in Sources */ = {isa = PBXBuildFile; fileRef = F35B1A9C1A0772F900BC6B3B /* XMLOrJSONTests.m */; };
/* End PBXBuildFile section */

/* Begin PBXContainerItemProxy section */
		F35B1A941A0772F900BC6B3B /* PBXContainerItemProxy */ = {
			isa = PBXContainerItemProxy;
			containerPortal = F35B1A661A0772F900BC6B3B /* Project object */;
			proxyType = 1;
			remoteGlobalIDString = F35B1A6D1A0772F900BC6B3B;
			remoteInfo = XMLOrJSON;
		};
/* End PBXContainerItemProxy section */

/* Begin PBXFileReference section */
		F35B1A6E1A0772F900BC6B3B /* XMLOrJSON.app */ = {isa = PBXFileReference; explicitFileType = wrapper.application; includeInIndex = 0; path = XMLOrJSON.app; sourceTree = BUILT_PRODUCTS_DIR; };
		F35B1A711A0772F900BC6B3B /* Foundation.framework */ = {isa = PBXFileReference; lastKnownFileType = wrapper.framework; name = Foundation.framework; path = System/Library/Frameworks/Foundation.framework; sourceTree = SDKROOT; };
		F35B1A731A0772F900BC6B3B /* CoreGraphics.framework */ = {isa = PBXFileReference; lastKnownFileType = wrapper.framework; name = CoreGraphics.framework; path = System/Library/Frameworks/CoreGraphics.framework; sourceTree = SDKROOT; };
		F35B1A751A0772F900BC6B3B /* UIKit.framework */ = {isa = PBXFileReference; lastKnownFileType = wrapper.framework; name = UIKit.framework; path = System/Library/Frameworks/UIKit.framework; sourceTree = SDKROOT; };
		F35B1A791A0772F900BC6B3B /* XMLOrJSON-Info.plist */ = {isa = PBXFileReference; lastKnownFileType = text.plist.xml; path = "XMLOrJSON-Info.plist"; sourceTree = "<group>"; };
		F35B1A7B1A0772F900BC6B3B /* en */ = {isa = PBXFileReference; lastKnownFileType = text.plist.strings; name = en; path = en.lproj/InfoPlist.strings; sourceTree = "<group>"; };
		F35B1A7D1A0772F900BC6B3B /* main.m */ = {isa = PBXFileReference; lastKnownFileType = sourcecode.c.objc; path = main.m; sourceTree = "<group>"; };
		F35B1A7F1A0772F900BC6B3B /* XMLOrJSON-Prefix.pch */ = {isa = PBXFileReference; lastKnownFileType = sourcecode.c.h; path = "XMLOrJSON-Prefix.pch"; sourceTree = "<group>"; };
		F35B1A801A0772F900BC6B3B /* AppDelegate.h */ = {isa = PBXFileReference; lastKnownFileType = sourcecode.c.h; path = AppDelegate.h; sourceTree = "<group>"; };
		F35B1A811A0772F900BC6B3B /* AppDelegate.m */ = {isa = PBXFileReference; lastKnownFileType = sourcecode.c.objc; path = AppDelegate.m; sourceTree = "<group>"; };
		F35B1A841A0772F900BC6B3B /* Base */ = {isa = PBXFileReference; lastKnownFileType = file.storyboard; name = Base; path = Base.lproj/Main.storyboard; sourceTree = "<group>"; };
		F35B1A861A0772F900BC6B3B /* ViewController.h */ = {isa = PBXFileReference; lastKnownFileType = sourcecode.c.h; path = ViewController.h; sourceTree = "<group>"; };
		F35B1A871A0772F900BC6B3B /* ViewController.m */ = {isa = PBXFileReference; lastKnownFileType = sourcecode.c.objc; path = ViewController.m; sourceTree = "<group>"; };
		F35B1A891A0772F900BC6B3B /* Images.xcassets */ = {isa = PBXFileReference; lastKnownFileType = folder.assetcatalog; path = Images.xcassets; sourceTree = "<group>"; };
		F35B1A8F1A0772F900BC6B3B /* XMLOrJSONTests.xctest */ = {isa = PBXFileReference; explicitFileType = wrapper.cfbundle; includeInIndex = 0; path = XMLOrJSONTests.xctest; sourceTree = BUILT_PRODUCTS_DIR; };
		F35B1A901A0772F900BC6B3B /* XCTest.framework */ = {isa = PBXFileReference; lastKnownFileType = wrapper.framework; name = XCTest.framework; path = Library/Frameworks/XCTest.framework; sourceTree = DEVELOPER_DIR; };
		F35B1A981A0772F900BC6B3B /* XMLOrJSONTests-Info.plist */ = {isa = PBXFileReference; lastKnownFileType = text.plist.xml; path = "XMLOrJSONTests-Info.plist"; sourceTree = "<group>"; };
		F35B1A9A1A0772F900BC6B3B /* en */ = {isa = PBXFileReference; lastKnownFileType = text.plist.strings; name = en; path = en.lproj/InfoPlist.strings; sourceTree = "<group>"; };
		F35B1A9C1A0772F900BC6B3B /* XMLOrJSONTests.m */ = {isa = PBXFileReference; lastKnownFileType = sourcecode.c.objc; path = XMLOrJSONTests.m; sourceTree = "<group>"; };
/* End PBXFileReference section */

/* Begin PBXFrameworksBuildPhase section */
		F35B1A6B1A0772F900BC6B3B /* Frameworks */ = {
			isa = PBXFrameworksBuildPhase;
			buildActionMask = 2147483647;
			files = (
				F35B1A741A0772F900BC6B3B /* CoreGraphics.framework in Frameworks */,
				F35B1A761A0772F900BC6B3B /* UIKit.framework in Frameworks */,
				F35B1A721A0772F900BC6B3B /* Foundation.framework in Frameworks */,
			);
			runOnlyForDeploymentPostprocessing = 0;
		};
		F35B1A8C1A0772F900BC6B3B /* Frameworks */ = {
			isa = PBXFrameworksBuildPhase;
			buildActionMask = 2147483647;
			files = (
				F35B1A911A0772F900BC6B3B /* XCTest.framework in Frameworks */,
				F35B1A931A0772F900BC6B3B /* UIKit.framework in Frameworks */,
				F35B1A921A0772F900BC6B3B /* Foundation.framework in Frameworks */,
			);
			runOnlyForDeploymentPostprocessing = 0;
		};
/* End PBXFrameworksBuildPhase section */

/* Begin PBXGroup section */
		F35B1A651A0772F900BC6B3B = {
			isa = PBXGroup;
			children = (
				F35B1A771A0772F900BC6B3B /* XMLOrJSON */,
				F35B1A961A0772F900BC6B3B /* XMLOrJSONTests */,
				F35B1A701A0772F900BC6B3B /* Frameworks */,
				F35B1A6F1A0772F900BC6B3B /* Products */,
			);
			sourceTree = "<group>";
		};
		F35B1A6F1A0772F900BC6B3B /* Products */ = {
			isa = PBXGroup;
			children = (
				F35B1A6E1A0772F900BC6B3B /* XMLOrJSON.app */,
				F35B1A8F1A0772F900BC6B3B /* XMLOrJSONTests.xctest */,
			);
			name = Products;
			sourceTree = "<group>";
		};
		F35B1A701A0772F900BC6B3B /* Frameworks */ = {
			isa = PBXGroup;
			children = (
				F35B1A711A0772F900BC6B3B /* Foundation.framework */,
				F35B1A731A0772F900BC6B3B /* CoreGraphics.framework */,
				F35B1A751A0772F900BC6B3B /* UIKit.framework */,
				F35B1A901A0772F900BC6B3B /* XCTest.framework */,
			);
			name = Frameworks;
			sourceTree = "<group>";
		};
		F35B1A771A0772F900BC6B3B /* XMLOrJSON */ = {
			isa = PBXGroup;
			children = (
				F35B1A801A0772F900BC6B3B /* AppDelegate.h */,
				F35B1A811A0772F900BC6B3B /* AppDelegate.m */,
				F35B1A831A0772F900BC6B3B /* Main.storyboard */,
				F35B1A861A0772F900BC6B3B /* ViewController.h */,
				F35B1A871A0772F900BC6B3B /* ViewController.m */,
				F35B1A891A0772F900BC6B3B /* Images.xcassets */,
				F35B1A781A0772F900BC6B3B /* Supporting Files */,
			);
			path = XMLOrJSON;
			sourceTree = "<group>";
		};
		F35B1A781A0772F900BC6B3B /* Supporting Files */ = {
			isa = PBXGroup;
			children = (
				F35B1A791A0772F900BC6B3B /* XMLOrJSON-Info.plist */,
				F35B1A7A1A0772F900BC6B3B /* InfoPlist.strings */,
				F35B1A7D1A0772F900BC6B3B /* main.m */,
				F35B1A7F1A0772F900BC6B3B /* XMLOrJSON-Prefix.pch */,
			);
			name = "Supporting Files";
			sourceTree = "<group>";
		};
		F35B1A961A0772F900BC6B3B /* XMLOrJSONTests */ = {
			isa = PBXGroup;
			children = (
				F35B1A9C1A0772F900BC6B3B /* XMLOrJSONTests.m */,
				F35B1A971A0772F900BC6B3B /* Supporting Files */,
			);
			path = XMLOrJSONTests;
			sourceTree = "<group>";
		};
		F35B1A971A0772F900BC6B3B /* Supporting Files */ = {
			isa = PBXGroup;
			children = (
				F35B1A981A0772F900BC6B3B /* XMLOrJSONTests-Info.plist */,
				F35B1A991A0772F900BC6B3B /* InfoPlist.strings */,
			);
			name = "Supporting Files";
			sourceTree = "<group>";
		};
/* End PBXGroup section */

/* Begin PBXNativeTarget section */
		F35B1A6D1A0772F900BC6B3B /* XMLOrJSON */ = {
			isa = PBXNativeTarget;
			buildConfigurationList = F35B1AA01A0772F900BC6B3B /* Build configuration list for PBXNativeTarget "XMLOrJSON" */;
			buildPhases = (
				F35B1A6A1A0772F900BC6B3B /* Sources */,
				F35B1A6B1A0772F900BC6B3B /* Frameworks */,
				F35B1A6C1A0772F900BC6B3B /* Resources */,
			);
			buildRules = (
			);
			dependencies = (
			);
			name = XMLOrJSON;
			productName = XMLOrJSON;
			productReference = F35B1A6E1A0772F900BC6B3B /* XMLOrJSON.app */;
			productType = "com.apple.product-type.application";
		};
		F35B1A8E1A0772F900BC6B3B /* XMLOrJSONTests */ = {
			isa = PBXNativeTarget;
			buildConfigurationList = F35B1AA31A0772F900BC6B3B /* Build configuration list for PBXNativeTarget "XMLOrJSONTests" */;
			buildPhases = (
				F35B1A8B1A0772F900BC6B3B /* Sources */,
				F35B1A8C1A0772F900BC6B3B /* Frameworks */,
				F35B1A8D1A0772F900BC6B3B /* Resources */,
			);
			buildRules = (
			);
			dependencies = (
				F35B1A951A0772F900BC6B3B /* PBXTargetDependency */,
			);
			name = XMLOrJSONTests;
			productName = XMLOrJSONTests;
			productReference = F35B1A8F1A0772F900BC6B3B /* XMLOrJSONTests.xctest */;
			productType = "com.apple.product-type.bundle.unit-test";
		};
/* End PBXNativeTarget section */

/* Begin PBXProject section */
		F35B1A661A0772F900BC6B3B /* Project object */ = {
			isa = PBXProject;
			attributes = {
				LastUpgradeCheck = 0510;
				ORGANIZATIONNAME = "Crystal Xu";
				TargetAttributes = {
					F35B1A8E1A0772F900BC6B3B = {
						TestTargetID = F35B1A6D1A0772F900BC6B3B;
					};
				};
			};
			buildConfigurationList = F35B1A691A0772F900BC6B3B /* Build configuration list for PBXProject "XMLOrJSON" */;
			compatibilityVersion = "Xcode 3.2";
			developmentRegion = English;
			hasScannedForEncodings = 0;
			knownRegions = (
				en,
				Base,
			);
			mainGroup = F35B1A651A0772F900BC6B3B;
			productRefGroup = F35B1A6F1A0772F900BC6B3B /* Products */;
			projectDirPath = "";
			projectRoot = "";
			targets = (
				F35B1A6D1A0772F900BC6B3B /* XMLOrJSON */,
				F35B1A8E1A0772F900BC6B3B /* XMLOrJSONTests */,
			);
		};
/* End PBXProject section */

/* Begin PBXResourcesBuildPhase section */
		F35B1A6C1A0772F900BC6B3B /* Resources */ = {
			isa = PBXResourcesBuildPhase;
			buildActionMask = 2147483647;
			files = (
				F35B1A8A1A0772F900BC6B3B /* Images.xcassets in Resources */,
				F35B1A7C1A0772F900BC6B3B /* InfoPlist.strings in Resources */,
				F35B1A851A0772F900BC6B3B /* Main.storyboard in Resources */,
			);
			runOnlyForDeploymentPostprocessing = 0;
		};
		F35B1A8D1A0772F900BC6B3B /* Resources */ = {
			isa = PBXResourcesBuildPhase;
			buildActionMask = 2147483647;
			files = (
				F35B1A9B1A0772F900BC6B3B /* InfoPlist.strings in Resources */,
			);
			runOnlyForDeploymentPostprocessing = 0;
		};
/* End PBXResourcesBuildPhase section */

/* Begin PBXSourcesBuildPhase section */
		F35B1A6A1A0772F900BC6B3B /* Sources */ = {
			isa = PBXSourcesBuildPhase;
			buildActionMask = 2147483647;
			files = (
				F35B1A881A0772F900BC6B3B /* ViewController.m in Sources */,
				F35B1A821A0772F900BC6B3B /* AppDelegate.m in Sources */,
				F35B1A7E1A0772F900BC6B3B /* main.m in Sources */,
			);
			runOnlyForDeploymentPostprocessing = 0;
		};
		F35B1A8B1A0772F900BC6B3B /* Sources */ = {
			isa = PBXSourcesBuildPhase;
			buildActionMask = 2147483647;
			files = (
				F35B1A9D1A0772F900BC6B3B /* XMLOrJSONTests.m in Sources */,
			);
			runOnlyForDeploymentPostprocessing = 0;
		};
/* End PBXSourcesBuildPhase section */

/* Begin PBXTargetDependency section */
		F35B1A951A0772F900BC6B3B /* PBXTargetDependency */ = {
			isa = PBXTargetDependency;
			target = F35B1A6D1A0772F900BC6B3B /* XMLOrJSON */;
			targetProxy = F35B1A941A0772F900BC6B3B /* PBXContainerItemProxy */;
		};
/* End PBXTargetDependency section */

/* Begin PBXVariantGroup section */
		F35B1A7A1A0772F900BC6B3B /* InfoPlist.strings */ = {
			isa = PBXVariantGroup;
			children = (
				F35B1A7B1A0772F900BC6B3B /* en */,
			);
			name = InfoPlist.strings;
			sourceTree = "<group>";
		};
		F35B1A831A0772F900BC6B3B /* Main.storyboard */ = {
			isa = PBXVariantGroup;
			children = (
				F35B1A841A0772F900BC6B3B /* Base */,
			);
			name = Main.storyboard;
			sourceTree = "<group>";
		};
		F35B1A991A0772F900BC6B3B /* InfoPlist.strings */ = {
			isa = PBXVariantGroup;
			children = (
				F35B1A9A1A0772F900BC6B3B /* en */,
			);
			name = InfoPlist.strings;
			sourceTree = "<group>";
		};
/* End PBXVariantGroup section */

/* Begin XCBuildConfiguration section */
		F35B1A9E1A0772F900BC6B3B /* Debug */ = {
			isa = XCBuildConfiguration;
			buildSettings = {
				ALWAYS_SEARCH_USER_PATHS = NO;
				CLANG_CXX_LANGUAGE_STANDARD = "gnu++0x";
				CLANG_CXX_LIBRARY = "libc++";
				CLANG_ENABLE_MODULES = YES;
				CLANG_ENABLE_OBJC_ARC = YES;
				CLANG_WARN_BOOL_CONVERSION = YES;
				CLANG_WARN_CONSTANT_CONVERSION = YES;
				CLANG_WARN_DIRECT_OBJC_ISA_USAGE = YES_ERROR;
				CLANG_WARN_EMPTY_BODY = YES;
				CLANG_WARN_ENUM_CONVERSION = YES;
				CLANG_WARN_INT_CONVERSION = YES;
				CLANG_WARN_OBJC_ROOT_CLASS = YES_ERROR;
				CLANG_WARN__DUPLICATE_METHOD_MATCH = YES;
				"CODE_SIGN_IDENTITY[sdk=iphoneos*]" = "iPhone Developer";
				COPY_PHASE_STRIP = NO;
				GCC_C_LANGUAGE_STANDARD = gnu99;
				GCC_DYNAMIC_NO_PIC = NO;
				GCC_OPTIMIZATION_LEVEL = 0;
				GCC_PREPROCESSOR_DEFINITIONS = (
					"DEBUG=1",
					"$(inherited)",
				);
				GCC_SYMBOLS_PRIVATE_EXTERN = NO;
				GCC_WARN_64_TO_32_BIT_CONVERSION = YES;
				GCC_WARN_ABOUT_RETURN_TYPE = YES_ERROR;
				GCC_WARN_UNDECLARED_SELECTOR = YES;
				GCC_WARN_UNINITIALIZED_AUTOS = YES_AGGRESSIVE;
				GCC_WARN_UNUSED_FUNCTION = YES;
				GCC_WARN_UNUSED_VARIABLE = YES;
				IPHONEOS_DEPLOYMENT_TARGET = 7.1;
				ONLY_ACTIVE_ARCH = YES;
				SDKROOT = iphoneos;
			};
			name = Debug;
		};
		F35B1A9F1A0772F900BC6B3B /* Release */ = {
			isa = XCBuildConfiguration;
			buildSettings = {
				ALWAYS_SEARCH_USER_PATHS = NO;
				CLANG_CXX_LANGUAGE_STANDARD = "gnu++0x";
				CLANG_CXX_LIBRARY = "libc++";
				CLANG_ENABLE_MODULES = YES;
				CLANG_ENABLE_OBJC_ARC = YES;
				CLANG_WARN_BOOL_CONVERSION = YES;
				CLANG_WARN_CONSTANT_CONVERSION = YES;
				CLANG_WARN_DIRECT_OBJC_ISA_USAGE = YES_ERROR;
				CLANG_WARN_EMPTY_BODY = YES;
				CLANG_WARN_ENUM_CONVERSION = YES;
				CLANG_WARN_INT_CONVERSION = YES;
				CLANG_WARN_OBJC_ROOT_CLASS = YES_ERROR;
				CLANG_WARN__DUPLICATE_METHOD_MATCH = YES;
				"CODE_SIGN_IDENTITY[sdk=iphoneos*]" = "iPhone Developer";
				COPY_PHASE_STRIP = YES;
				ENABLE_NS_ASSERTIONS = NO;
				GCC_C_LANGUAGE_STANDARD = gnu99;
				GCC_WARN_64_TO_32_BIT_CONVERSION = YES;
				GCC_WARN_ABOUT_RETURN_TYPE = YES_ERROR;
				GCC_WARN_UNDECLARED_SELECTOR = YES;
				GCC_WARN_UNINITIALIZED_AUTOS = YES_AGGRESSIVE;
				GCC_WARN_UNUSED_FUNCTION = YES;
				GCC_WARN_UNUSED_VARIABLE = YES;
				IPHONEOS_DEPLOYMENT_TARGET = 7.1;
				SDKROOT = iphoneos;
				VALIDATE_PRODUCT = YES;
			};
			name = Release;
		};
		F35B1AA11A0772F900BC6B3B /* Debug */ = {
			isa = XCBuildConfiguration;
			buildSettings = {
				ASSETCATALOG_COMPILER_APPICON_NAME = AppIcon;
				ASSETCATALOG_COMPILER_LAUNCHIMAGE_NAME = LaunchImage;
				GCC_PRECOMPILE_PREFIX_HEADER = YES;
				GCC_PREFIX_HEADER = "XMLOrJSON/XMLOrJSON-Prefix.pch";
				INFOPLIST_FILE = "XMLOrJSON/XMLOrJSON-Info.plist";
				PRODUCT_NAME = "$(TARGET_NAME)";
				WRAPPER_EXTENSION = app;
			};
			name = Debug;
		};
		F35B1AA21A0772F900BC6B3B /* Release */ = {
			isa = XCBuildConfiguration;
			buildSettings = {
				ASSETCATALOG_COMPILER_APPICON_NAME = AppIcon;
				ASSETCATALOG_COMPILER_LAUNCHIMAGE_NAME = LaunchImage;
				GCC_PRECOMPILE_PREFIX_HEADER = YES;
				GCC_PREFIX_HEADER = "XMLOrJSON/XMLOrJSON-Prefix.pch";
				INFOPLIST_FILE = "XMLOrJSON/XMLOrJSON-Info.plist";
				PRODUCT_NAME = "$(TARGET_NAME)";
				WRAPPER_EXTENSION = app;
			};
			name = Release;
		};
		F35B1AA41A0772F900BC6B3B /* Debug */ = {
			isa = XCBuildConfiguration;
			buildSettings = {
				BUNDLE_LOADER = "$(BUILT_PRODUCTS_DIR)/XMLOrJSON.app/XMLOrJSON";
				FRAMEWORK_SEARCH_PATHS = (
					"$(SDKROOT)/Developer/Library/Frameworks",
					"$(inherited)",
					"$(DEVELOPER_FRAMEWORKS_DIR)",
				);
				GCC_PRECOMPILE_PREFIX_HEADER = YES;
				GCC_PREFIX_HEADER = "XMLOrJSON/XMLOrJSON-Prefix.pch";
				GCC_PREPROCESSOR_DEFINITIONS = (
					"DEBUG=1",
					"$(inherited)",
				);
				INFOPLIST_FILE = "XMLOrJSONTests/XMLOrJSONTests-Info.plist";
				PRODUCT_NAME = "$(TARGET_NAME)";
				TEST_HOST = "$(BUNDLE_LOADER)";
				WRAPPER_EXTENSION = xctest;
			};
			name = Debug;
		};
		F35B1AA51A0772F900BC6B3B /* Release */ = {
			isa = XCBuildConfiguration;
			buildSettings = {
				BUNDLE_LOADER = "$(BUILT_PRODUCTS_DIR)/XMLOrJSON.app/XMLOrJSON";
				FRAMEWORK_SEARCH_PATHS = (
					"$(SDKROOT)/Developer/Library/Frameworks",
					"$(inherited)",
					"$(DEVELOPER_FRAMEWORKS_DIR)",
				);
				GCC_PRECOMPILE_PREFIX_HEADER = YES;
				GCC_PREFIX_HEADER = "XMLOrJSON/XMLOrJSON-Prefix.pch";
				INFOPLIST_FILE = "XMLOrJSONTests/XMLOrJSONTests-Info.plist";
				PRODUCT_NAME = "$(TARGET_NAME)";
				TEST_HOST = "$(BUNDLE_LOADER)";
				WRAPPER_EXTENSION = xctest;
			};
			name = Release;
		};
/* End XCBuildConfiguration section */

/* Begin XCConfigurationList section */
		F35B1A691A0772F900BC6B3B /* Build configuration list for PBXProject "XMLOrJSON" */ = {
			isa = XCConfigurationList;
			buildConfigurations = (
				F35B1A9E1A0772F900BC6B3B /* Debug */,
				F35B1A9F1A0772F900BC6B3B /* Release */,
			);
			defaultConfigurationIsVisible = 0;
			defaultConfigurationName = Release;
		};
		F35B1AA01A0772F900BC6B3B /* Build configuration list for PBXNativeTarget "XMLOrJSON" */ = {
			isa = XCConfigurationList;
			buildConfigurations = (
				F35B1AA11A0772F900BC6B3B /* Debug */,
				F35B1AA21A0772F900BC6B3B /* Release */,
			);
			defaultConfigurationIsVisible = 0;
		};
		F35B1AA31A0772F900BC6B3B /* Build configuration list for PBXNativeTarget "XMLOrJSONTests" */ = {
			isa = XCConfigurationList;
			buildConfigurations = (
				F35B1AA41A0772F900BC6B3B /* Debug */,
				F35B1AA51A0772F900BC6B3B /* Release */,
			);
			defaultConfigurationIsVisible = 0;
		};
/* End XCConfigurationList section */
	};
	rootObject = F35B1A661A0772F900BC6B3B /* Project object */;
}
